lockfileVersion: '9.0'

settings:
  autoInstallPeers: true
  excludeLinksFromLockfile: false

importers:

  .:
    dependencies:
      cesium:
        specifier: 1.97.0
        version: 1.97.0
      echarts:
        specifier: ^5.5.0
        version: 5.5.0
      pinia:
        specifier: ^2.1.7
        version: 2.1.7(vue@3.5.43)
      vue:
        specifier: ^3.5.13
        version: 3.5.43
    devDependencies:
      '@vitejs/plugin-vue':
        specifier: ^5.0.4
        version: 5.0.4(vite@5.2.11(@types/node@26.4.1)(sass@1.105.0))(vue@3.5.43)
      sass:
        specifier: ^1.72.0
        version: 1.105.0
      vite:
        specifier: ^5.2.11
        version: 5.2.11(@types/node@26.4.1)(sass@1.105.0)
      vite-plugin-cesium:
        specifier: ^1.2.23
        version: 1.2.23(cesium@1.97.0)(rollup@4.63.4)(vite@5.2.11(@types/node@26.4.1)(sass@1.105.0))

packages:

  '@babel/helper-string-parser@7.29.7':
    resolution: {integrity: sha512-Pb5ijPrZ89GDH8223L4UP8i6QApWxs04RbPQJTeWDV0/keR2E36MeKnyr6LYmUUvqRRI+Iv87SuF1W6ErINzYw==}
    engines: {node: '>=6.9.0'}

  '@babel/helper-validator-identifier@7.29.7':
    resolution: {integrity: sha512-qehxGkRj55h/ff8EMaJ+cYhyaKlHIxqYDn682wQD7RNp9UujOQsHog2uS0r2vzr4pW+sXf90NeeayjcNaX3fFg==}
    engines: {node: '>=6.9.0'}

  '@babel/parser@7.29.9':
    resolution: {integrity: sha512-CjXrNHTnvqBVqHgdBysY3vk2T8tpJHb5/RMeHJBTyVa9xgugCB0CJTx/3oO8RV2QRQP391RWpB7D6hLjm8V9uA==}
    engines: {node: '>=6.0.0'}
    hasBin: true

  '@babel/types@7.29.8':
    resolution: {integrity: sha512-Vj1jF3cPfxg7OAfoI7QnVKLoILlm2JF9pnVHrX8qx7AHMiYWT+NDAA7jChlNgRS4WTLc/fD1lXLmPixluj+3Gg==}
    engines: {node: '>=6.9.0'}

  '@esbuild/aix-ppc64@0.20.1':
    resolution: {integrity: sha512-m55cpeupQ2DbuRGQMMZDzbv9J9PgVelPjlcmM5kxHnrBdBx6REaEd7LamYV7Dm8N7rCyR/XwU6rVP8ploKtIkA==}
    engines: {node: '>=12'}
    cpu: [ppc64]
    os: [aix]

  '@esbuild/android-arm64@0.20.1':
    resolution: {integrity: sha512-hCnXNF0HM6AjowP+Zou0ZJMWWa1VkD77BXe959zERgGJBBxB+sV+J9f/rcjeg2c5bsukD/n17RKWXGFCO5dD5A==}
    engines: {node: '>=12'}
    cpu: [arm64]
    os: [android]

  '@esbuild/android-arm@0.20.1':
    resolution: {integrity: sha512-4j0+G27/2ZXGWR5okcJi7pQYhmkVgb4D7UKwxcqrjhvp5TKWx3cUjgB1CGj1mfdmJBQ9VnUGgUhign+FPF2Zgw==}
    engines: {node: '>=12'}
    cpu: [arm]
    os: [android]

  '@esbuild/android-x64@0.20.1':
    resolution: {integrity: sha512-MSfZMBoAsnhpS+2yMFYIQUPs8Z19ajwfuaSZx+tSl09xrHZCjbeXXMsUF/0oq7ojxYEpsSo4c0SfjxOYXRbpaA==}
    engines: {node: '>=12'}
    cpu: [x64]
    os: [android]

  '@esbuild/darwin-arm64@0.20.1':
    resolution: {integrity: sha512-Ylk6rzgMD8klUklGPzS414UQLa5NPXZD5tf8JmQU8GQrj6BrFA/Ic9tb2zRe1kOZyCbGl+e8VMbDRazCEBqPvA==}
    engines: {node: '>=12'}
    cpu: [arm64]
    os: [darwin]

  '@esbuild/darwin-x64@0.20.1':
    resolution: {integrity: sha512-pFIfj7U2w5sMp52wTY1XVOdoxw+GDwy9FsK3OFz4BpMAjvZVs0dT1VXs8aQm22nhwoIWUmIRaE+4xow8xfIDZA==}
    engines: {node: '>=12'}
    cpu: [x64]
    os: [darwin]

  '@esbuild/freebsd-arm64@0.20.1':
    resolution: {integrity: sha512-UyW1WZvHDuM4xDz0jWun4qtQFauNdXjXOtIy7SYdf7pbxSWWVlqhnR/T2TpX6LX5NI62spt0a3ldIIEkPM6RHw==}
    engines: {node: '>=12'}
    cpu: [arm64]
    os: [freebsd]

  '@esbuild/freebsd-x64@0.20.1':
    resolution: {integrity: sha512-itPwCw5C+Jh/c624vcDd9kRCCZVpzpQn8dtwoYIt2TJF3S9xJLiRohnnNrKwREvcZYx0n8sCSbvGH349XkcQeg==}
    engines: {node: '>=12'}
    cpu: [x64]
    os: [freebsd]

  '@esbuild/linux-arm64@0.20.1':
    resolution: {integrity: sha512-cX8WdlF6Cnvw/DO9/X7XLH2J6CkBnz7Twjpk56cshk9sjYVcuh4sXQBy5bmTwzBjNVZze2yaV1vtcJS04LbN8w==}
    engines: {node: '>=12'}
    cpu: [arm64]
    os: [linux]

  '@esbuild/linux-arm@0.20.1':
    resolution: {integrity: sha512-LojC28v3+IhIbfQ+Vu4Ut5n3wKcgTu6POKIHN9Wpt0HnfgUGlBuyDDQR4jWZUZFyYLiz4RBBBmfU6sNfn6RhLw==}
    engines: {node: '>=12'}
    cpu: [arm]
    os: [linux]

  '@esbuild/linux-ia32@0.20.1':
    resolution: {integrity: sha512-4H/sQCy1mnnGkUt/xszaLlYJVTz3W9ep52xEefGtd6yXDQbz/5fZE5dFLUgsPdbUOQANcVUa5iO6g3nyy5BJiw==}
    engines: {node: '>=12'}
    cpu: [ia32]
    os: [linux]

  '@esbuild/linux-loong64@0.20.1':
    resolution: {integrity: sha512-c0jgtB+sRHCciVXlyjDcWb2FUuzlGVRwGXgI+3WqKOIuoo8AmZAddzeOHeYLtD+dmtHw3B4Xo9wAUdjlfW5yYA==}
    engines: {node: '>=12'}
    cpu: [loong64]
    os: [linux]

  '@esbuild/linux-mips64el@0.20.1':
    resolution: {integrity: sha512-TgFyCfIxSujyuqdZKDZ3yTwWiGv+KnlOeXXitCQ+trDODJ+ZtGOzLkSWngynP0HZnTsDyBbPy7GWVXWaEl6lhA==}
    engines: {node: '>=12'}
    cpu: [mips64el]
    os: [linux]

  '@esbuild/linux-ppc64@0.20.1':
    resolution: {integrity: sha512-b+yuD1IUeL+Y93PmFZDZFIElwbmFfIKLKlYI8M6tRyzE6u7oEP7onGk0vZRh8wfVGC2dZoy0EqX1V8qok4qHaw==}
    engines: {node: '>=12'}
    cpu: [ppc64]
    os: [linux]

  '@esbuild/linux-riscv64@0.20.1':
    resolution: {integrity: sha512-wpDlpE0oRKZwX+GfomcALcouqjjV8MIX8DyTrxfyCfXxoKQSDm45CZr9fanJ4F6ckD4yDEPT98SrjvLwIqUCgg==}
    engines: {node: '>=12'}
    cpu: [riscv64]
    os: [linux]

  '@esbuild/linux-s390x@0.20.1':
    resolution: {integrity: sha512-5BepC2Au80EohQ2dBpyTquqGCES7++p7G+7lXe1bAIvMdXm4YYcEfZtQrP4gaoZ96Wv1Ute61CEHFU7h4FMueQ==}
    engines: {node: '>=12'}
    cpu: [s390x]
    os: [linux]

  '@esbuild/linux-x64@0.20.1':
    resolution: {integrity: sha512-5gRPk7pKuaIB+tmH+yKd2aQTRpqlf1E4f/mC+tawIm/CGJemZcHZpp2ic8oD83nKgUPMEd0fNanrnFljiruuyA==}
    engines: {node: '>=12'}
    cpu: [x64]
    os: [linux]

  '@esbuild/netbsd-x64@0.20.1':
    resolution: {integrity: sha512-4fL68JdrLV2nVW2AaWZBv3XEm3Ae3NZn/7qy2KGAt3dexAgSVT+Hc97JKSZnqezgMlv9x6KV0ZkZY7UO5cNLCg==}
    engines: {node: '>=12'}
    cpu: [x64]
    os: [netbsd]

  '@esbuild/openbsd-x64@0.20.1':
    resolution: {integrity: sha512-GhRuXlvRE+twf2ES+8REbeCb/zeikNqwD3+6S5y5/x+DYbAQUNl0HNBs4RQJqrechS4v4MruEr8ZtAin/hK5iw==}
    engines: {node: '>=12'}
    cpu: [x64]
    os: [openbsd]

  '@esbuild/sunos-x64@0.20.1':
    resolution: {integrity: sha512-ZnWEyCM0G1Ex6JtsygvC3KUUrlDXqOihw8RicRuQAzw+c4f1D66YlPNNV3rkjVW90zXVsHwZYWbJh3v+oQFM9Q==}
    engines: {node: '>=12'}
    cpu: [x64]
    os: [sunos]

  '@esbuild/win32-arm64@0.20.1':
    resolution: {integrity: sha512-QZ6gXue0vVQY2Oon9WyLFCdSuYbXSoxaZrPuJ4c20j6ICedfsDilNPYfHLlMH7vGfU5DQR0czHLmJvH4Nzis/A==}
    engines: {node: '>=12'}
    cpu: [arm64]
    os: [win32]

  '@esbuild/win32-ia32@0.20.1':
    resolution: {integrity: sha512-HzcJa1NcSWTAU0MJIxOho8JftNp9YALui3o+Ny7hCh0v5f90nprly1U3Sj1Ldj/CvKKdvvFsCRvDkpsEMp4DNw==}
    engines: {node: '>=12'}
    cpu: [ia32]
    os: [win32]

  '@esbuild/win32-x64@0.20.1':
    resolution: {integrity: sha512-0MBh53o6XtI6ctDnRMeQ+xoCN8kD2qI1rY1KgF/xdWQwoFeKou7puvDfV8/Wv4Ctx2rRpET/gGdz3YlNtNACSA==}
    engines: {node: '>=12'}
    cpu: [x64]
    os: [win32]

  '@jridgewell/sourcemap-codec@1.6.0':
    resolution: {integrity: sha512-T7jf+5zgsZHwNJ4lvQ7/aezbyk0nNX+zJVWpmHA7VYsEx7a7qr5Rg5IbtJFqkgze5Y2sruq1RUY8Q837Od7iFw==}

  '@napi-rs/lzma-linux-x64-gnu@1.5.1':
    resolution: {integrity: sha512-oTXEIha4SsuXdTA4Iyskj0kpdx2yVXdhd75c2v3xGrHFfVMsbhTPZU/nMPL4sWKo4pBHm3aucLaqGlF696dTyQ==}
    engines: {node: ^22.20 || ^24.12 || >=25}
    cpu: [x64]
    os: [linux]
    libc: [glibc]

  '@parcel/watcher-android-arm64@2.6.0':
    resolution: {integrity: sha512-trgpLSCKRC/huFjXX/Smh+0sWe4+YtKfktIToiMl59ghz7z+qkH6kMvNnUbLyRs9N11t8l4svSCs1+5B3rOAhA==}
    engines: {node: '>= 10.0.0'}
    cpu: [arm64]
    os: [android]

  '@parcel/watcher-darwin-arm64@2.6.0':
    resolution: {integrity: sha512-Y3QV0gl7Q1zbfueunkWIERICbEojQFCgpyG7YqOGNFLsckXyI1xu9mAIUpKY9QBYzBtSkN8dBPwd3yiAO9ovMw==}
    engines: {node: '>= 10.0.0'}
    cpu: [arm64]
    os: [darwin]

  '@parcel/watcher-darwin-x64@2.6.0':
    resolution: {integrity: sha512-Ohv6OpzhUfKYD7Beb8kDvG0jbIxORCYY1JRdZnaBtnjjkJxgD7ZVL0nw2sCYd0yTMKTvz3nnTnOF3cDifK+kvw==}
    engines: {node: '>= 10.0.0'}
    cpu: [x64]
    os: [darwin]

  '@parcel/watcher-freebsd-x64@2.6.0':
    resolution: {integrity: sha512-5HmXvDgs8VK+74jF9y9/2FE3/OnlcKmc56tjmSrEuZjpSZOGL+fvAu+HKJBdPs9uwoP2hE6TlSUpXZ/C5jUFmQ==}
    engines: {node: '>= 10.0.0'}
    cpu: [x64]
    os: [freebsd]

  '@parcel/watcher-linux-arm-glibc@2.6.0':
    resolution: {integrity: sha512-Ps/hui3A+vMbjdqlqAowK2ZL8+BO8dBjxeWXj6npTBs3jx4wWmbPpaLuqwrQrSqIVMCnpWo238bJ1U37GhQOYg==}
    engines: {node: '>= 10.0.0'}
    cpu: [arm]
    os: [linux]
    libc: [glibc]

  '@parcel/watcher-linux-arm-musl@2.6.0':
    resolution: {integrity: sha512-9c6AUHgHoG+IY88MRIHupztQiQnrbqHYQjkM2btA+Bf/wQnQMuiD0Wfk1EVv3TlNT3x41uU71rn6E4xh/+zvkw==}
    engines: {node: '>= 10.0.0'}
    cpu: [arm]
    os: [linux]
    libc: [musl]

  '@parcel/watcher-linux-arm64-glibc@2.6.0':
    resolution: {integrity: sha512-yHRqS2owEXe6Hic9z6Mh1ECsCd+ODVOGvZDyciqRd21+v+o+DnXMOrw50DSpIG2sb8GPEaPPmfeCAWKPJdq46g==}
    engines: {node: '>= 10.0.0'}
    cpu: [arm64]
    os: [linux]
    libc: [glibc]

  '@parcel/watcher-linux-arm64-musl@2.6.0':
    resolution: {integrity: sha512-WhB2e/V7rqdHHWZusBSPuy5Ei8S6lSz6FE5TKKQz5h3a0O+C+mhY7vxU9b/stqvMb8beLnPY82ZrFTLKs+SrKA==}
    engines: {node: '>= 10.0.0'}
    cpu: [arm64]
    os: [linux]
    libc: [musl]

  '@parcel/watcher-linux-x64-glibc@2.6.0':
    resolution: {integrity: sha512-ulGE6x6Oz6iAwg75T8YQSoguBWasniIbX+QWpaYPcCnDOpdWX3k+4xbEYPZVLxOuoJI+svJJPD3sEj8G7lrQ3A==}
    engines: {node: '>= 10.0.0'}
    cpu: [x64]
    os: [linux]
    libc: [glibc]

  '@parcel/watcher-linux-x64-musl@2.6.0':
    resolution: {integrity: sha512-tkBYKt7YQrjIJWYDnto2YgO8MRkjlMTSNoRHzsXinBqbLdeOM3L32wPZJvIZxqaLMfSlS/4sUjH/6STVP/XDLw==}
    engines: {node: '>= 10.0.0'}
    cpu: [x64]
    os: [linux]
    libc: [musl]

  '@parcel/watcher-win32-arm64@2.6.0':
    resolution: {integrity: sha512-gIZAP23jaHjGWasY/TY6yL7NHFClf0Ga7FN+iINvk+KN94rhm94lYZhFsbYFNcA04/onvGD9kKmiJLJB2HbNwQ==}
    engines: {node: '>= 10.0.0'}
    cpu: [arm64]
    os: [win32]

  '@parcel/watcher-win32-x64@2.6.0':
    resolution: {integrity: sha512-cA+/pXV2YkfxlIcXOQ5fSWqAzzPyD78/x5qbK/I0vUkrlYHA8TIz+MXjAbGouguKVSI4bOmkTSJ1/poVSsgt+A==}
    engines: {node: '>= 10.0.0'}
    cpu: [x64]
    os: [win32]

  '@parcel/watcher@2.6.0':
    resolution: {integrity: sha512-7FNeNl8NCE7aINx7WXiKQrPYZWC/hvrTsmk6zmxbI7LTXE7hVek/n8AfVgpe2y82zl3w0HvCHN0bVKMBoJcC0w==}
    engines: {node: '>= 10.0.0'}

  '@protobufjs/aspromise@1.1.2':
    resolution: {integrity: sha512-j+gKExEuLmKwvz3OgROXtrJ2UG2x8Ch2YZUxahh+s1F2HZ+wAceUNLkvy6zKCPVRkU++ZWQrdxsUeQXmcg4uoQ==}

  '@protobufjs/base64@1.1.2':
    resolution: {integrity: sha512-AZkcAA5vnN/v4PDqKyMR5lx7hZttPDgClv83E//FMNhR2TMcLUhfRUBHCmSl0oi9zMgDDqRUJkSxO3wm85+XLg==}

  '@protobufjs/codegen@2.0.5':
    resolution: {integrity: sha512-zgXFLzW3Ap33e6d0Wlj4MGIm6Ce8O89n/apUaGNB/jx+hw+ruWEp7EwGUshdLKVRCxZW12fp9r40E1mQrf/34g==}

  '@protobufjs/eventemitter@1.1.1':
    resolution: {integrity: sha512-vW1GmwMZNnL+gMRaovlh9yZX74kc+TTU3FObkkurpMaRtBfLP3ldjS9KQWlwZgraRE0+dheEEoAxdzcJQ8eXZg==}

  '@protobufjs/fetch@1.1.1':
    resolution: {integrity: sha512-GpptLrs57adMSuHi3VNj0mAF8dwh36LMaYF6XyJ6JMWlVsc+t42tm1HSEDmOs3A8fC9yyeisgLhsTVQokOZ0zw==}

  '@protobufjs/float@1.0.2':
    resolution: {integrity: sha512-Ddb+kVXlXst9d+R9PfTIxh1EdNkgoRe5tOX6t01f1lYWOvJnSPDBlG241QLzcyPdoNTsblLUdujGSE4RzrTZGQ==}

  '@protobufjs/inquire@1.1.2':
    resolution: {integrity: sha512-pa0vFRuws4wkvaXKK1uXZMAwAX4/t8ANaJo45iw/oQHNQ9q5xUzwgFmVJGXiga2BeN+zpX7Vf9vmsiIa2J+MUw==}

  '@protobufjs/path@1.1.2':
    resolution: {integrity: sha512-6JOcJ5Tm08dOHAbdR3GrvP+yUUfkjG5ePsHYczMFLq3ZmMkAD98cDgcT2iA1lJ9NVwFd4tH/iSSoe44YWkltEA==}

  '@protobufjs/pool@1.1.0':
    resolution: {integrity: sha512-0kELaGSIDBKvcgS4zkjz1PeddatrjYcmMWOlAuAPwAeccUrPHdUqo/J6LiymHHEiJT5NrF1UVwxY14f+fy4WQw==}

  '@protobufjs/utf8@1.1.2':
    resolution: {integrity: sha512-b1UQwcEZ4yCnMCD8DAL1VlbvBJE9/IX4FTIp7BG1xYpf29SLazLSrqUkj4w7Y5y7cCVP6E5tcqqcI0xemPkHug==}

  '@rollup/pluginutils@4.0.0':
    resolution: {integrity: sha512-b5QiJRye4JlSg29bKNEECoKbLuPXZkPEHSgEjjP1CJV1CPdDBybfYHfm6kyq8yK51h/Zsyl8OvWUrp0FUBukEQ==}
    engines: {node: '>= 8.0.0'}
    peerDependencies:
      rollup: ^1.20.0||^2.0.0

  '@rollup/rollup-android-arm-eabi@4.63.4':
    resolution: {integrity: sha512-I+BSHzTAhKN2n7ZwGZsegGcZjDpLqFOMAtJz/u6uFGe0pUFbq56dEHjqJV/ZUdRJtNXNxA+hREUatZBvMR3Oiw==}
    cpu: [arm]
    os: [android]

  '@rollup/rollup-android-arm64@4.63.4':
    resolution: {integrity: sha512-pu3BdjS2LtEzRu2elmGzS3fIeWSZy4BMDIaLNwjorO76+k2d0LMluijhsDx3KQyQBQ/lLUZCQA9/s6csvUfuhw==}
    cpu: [arm64]
    os: [android]

  '@rollup/rollup-darwin-arm64@4.63.4':
    resolution: {integrity: sha512-xfSrj9MHnWK9GaSqT9U0ImHtH/N8WZlHLx4cZHiuLcqs640hvZ3hLPd5UR2AZS57FaE8HrRUSpltbZdWRxHiDA==}
    cpu: [arm64]
    os: [darwin]

  '@rollup/rollup-darwin-x64@4.63.4':
    resolution: {integrity: sha512-bqU99PLJb/dqb3S0GIMdeuyAEETSUgZBoqXYd3Sd+WCsV+MmPhnN6JrotWyir31+QgH7EvvE5/mwGJlEoci8Fw==}
    cpu: [x64]
    os: [darwin]

  '@rollup/rollup-freebsd-arm64@4.63.4':
    resolution: {integrity: sha512-JinsFZ5G40oXQb+sUuiA5x689vhr6dDYK0H0NL+rwKdL6CqnmYN8PE4ZwfRSoIjrCxqTQG/SLfTtSvHeGxoVlw==}
    cpu: [arm64]
    os: [freebsd]

  '@rollup/rollup-freebsd-x64@4.63.4':
    resolution: {integrity: sha512-GAdA4UxpiNm27cLHr2GqXBpAD0x9FqwYBY7/YSP0Ss0/PNi4k8gbviqpIpYbVSRBaS2ZcegXEzgTQMbRNCwxCw==}
    cpu: [x64]
    os: [freebsd]

  '@rollup/rollup-linux-arm-gnueabihf@4.63.4':
    resolution: {integrity: sha512-qDd6NoA1znaLjp4jR5U/KWCdLAKDJNB8W9ChbbDaKbo0xA+Atln5HK6LFCZ4oJQpemtRZA288DCirFRjrspptw==}
    cpu: [arm]
    os: [linux]
    libc: [glibc]

  '@rollup/rollup-linux-arm-musleabihf@4.63.4':
    resolution: {integrity: sha512-WtB5Tz5KTNINb8ZA+8sQ7bmjuS1JrRT7YverYIhUGdWWDlpzVWmIwuZE+jidkEXUn1l0zrEkaIMa8dHF3NGcsA==}
    cpu: [arm]
    os: [linux]
    libc: [musl]

  '@rollup/rollup-linux-arm64-gnu@4.63.4':
    resolution: {integrity: sha512-VcQ3L1tjnkKzWjryAVaFhHEWcqOfICX9uxVVoDzm2t0DpgKRHd2zOpVrJc0xsWeBZcBFyYROCIBdyR/fS174pg==}
    cpu: [arm64]
    os: [linux]
    libc: [glibc]

  '@rollup/rollup-linux-arm64-musl@4.63.4':
    resolution: {integrity: sha512-6+ZQX6P5s0cMDN2Ypb8Lbm2+/sZYmZjdaYny992ujUU9UKi/4CWoJWsl1pNvjWJHNHGK51m+jKGLlh1ylb2ifQ==}
    cpu: [arm64]
    os: [linux]
    libc: [musl]

  '@rollup/rollup-linux-loong64-gnu@4.63.4':
    resolution: {integrity: sha512-D72ZnvkFkBXOfzMMQLcwfPLyGkKb7HZ9/mf97B7v6/P5Lbv4oFOtSY/uHbS8lH6uKUOxoKiuokdb50XZSzzbJw==}
    cpu: [loong64]
    os: [linux]
    libc: [glibc]

  '@rollup/rollup-linux-loong64-musl@4.63.4':
    resolution: {integrity: sha512-piU6BxeqA3O9KSu3kRCIQQtNqFFaTu21SEV4FwaRZowpnj3bLaWPZHw+xFqCs0XlJ+aOH3PTRWGoglH+mKA/OA==}
    cpu: [loong64]
    os: [linux]
    libc: [musl]

  '@rollup/rollup-linux-ppc64-gnu@4.63.4':
    resolution: {integrity: sha512-/5PGpHwqt2EEEOUs1XwzubE/ucr0dWDQ+to3zqi4Ds7EWpwtQ79wXc4JBoxqj/OwpawTsKWzJxHfSuBOq3DrWA==}
    cpu: [ppc64]
    os: [linux]
    libc: [glibc]

  '@rollup/rollup-linux-ppc64-musl@4.63.4':
    resolution: {integrity: sha512-cX3beZDLWt7G2oJF+nhChiT+qtaihs+S2xi7ziGmVB+2pwPng6D0Ed0HmElQOgv2UsUmSJJLGwpBao/3TDx3VA==}
    cpu: [ppc64]
    os: [linux]
    libc: [musl]

  '@rollup/rollup-linux-riscv64-gnu@4.63.4':
    resolution: {integrity: sha512-1uz2mGWHyptR7DgHHrlbdRAjXK7v7elGZ9lMja910/RP+ZYbX6xAmCiU9UZSX4hqmgtHMv6lr5l3kq1HIOpcag==}
    cpu: [riscv64]
    os: [linux]
    libc: [glibc]

  '@rollup/rollup-linux-riscv64-musl@4.63.4':
    resolution: {integrity: sha512-nLS8topojxyz7SRpKR2IODRpQ0XPZ+xaOXvT3+hqK/Uy8Lo5HFgkkIBiIrCu5tL5YqzTvgovGw55PwpahTAGig==}
    cpu: [riscv64]
    os: [linux]
    libc: [musl]

  '@rollup/rollup-linux-s390x-gnu@4.63.4':
    resolution: {integrity: sha512-gs7DRKotr3l3q+jGPQBjH0ng1FjlEDm5ueQrkw5JtQvtLyEIcLASqAEaor56BhkKRzk+IcQzrcanBdb/bBQn8g==}
    cpu: [s390x]
    os: [linux]
    libc: [glibc]

  '@rollup/rollup-linux-x64-gnu@4.63.4':
    resolution: {integrity: sha512-791ET7W17NnScOZM7h4dX5hYspxE28htPFsb1awY/NRR8+PRNkS53e475rDdxXXDrP+kwnCcNWg9CX5ztn/Aqw==}
    cpu: [x64]
    os: [linux]
    libc: [glibc]

  '@rollup/rollup-linux-x64-musl@4.63.4':
    resolution: {integrity: sha512-iwZQRcmj7g88g3tzefIrQY7qvmuA/cfYwhrDtTBhsmukO4U2huVO5W+86XacUMRvdSFVAc6kZUZy21JaRwiB9w==}
    cpu: [x64]
    os: [linux]
    libc: [musl]

  '@rollup/rollup-openbsd-x64@4.63.4':
    resolution: {integrity: sha512-dVHFp9gRWrdTpnqQuGfCwd7hOQDatK1VCP2iWhLY/cGrOQs/ucFzJ6A5SRqbXX12ZDI8EUuejSM5kwg+ja7Png==}
    cpu: [x64]
    os: [openbsd]

  '@rollup/rollup-openharmony-arm64@4.63.4':
    resolution: {integrity: sha512-t3NlauOW6gxZVVFcBEnO62Cb4wbyDFL416gTg1uFI/2tgqYQlf69FbSE115Ajre9I+c26Lk4mcmdFUsS/DGifQ==}
    cpu: [arm64]
    os: [openharmony]

  '@rollup/rollup-win32-arm64-msvc@4.63.4':
    resolution: {integrity: sha512-xWuIaSye5FWZF8+UYtVEcHtRJDN5kN9Kfgxx3Kq8XIov9KSKbc1fiqQCm90SKrgQbUXZelbnUhnlUJmfSE7P9A==}
    cpu: [arm64]
    os: [win32]

  '@rollup/rollup-win32-ia32-msvc@4.63.4':
    resolution: {integrity: sha512-9ALJJUOg/ZflMJepVo2PlgsGxSaxN7SQ4Z8GoZfVlarWr6r3rkHUNsd/zAio7p4YMtChSMXPionxej4Hkf6CXQ==}
    cpu: [ia32]
    os: [win32]

  '@rollup/rollup-win32-x64-gnu@4.63.4':
    resolution: {integrity: sha512-blj9z5qx/Pv4WU0W1NMFDB97e0JH5ed+aZGywW8WCvp/NhWX/4PFAq5uu6Q0AebNn+Vo6KzUYDT++JzTT5ojlQ==}
    cpu: [x64]
    os: [win32]

  '@rollup/rollup-win32-x64-msvc@4.63.4':
    resolution: {integrity: sha512-Erx822VRBwLa124shbj+wNXe//BOgMEctDV0m1aqTQdNO1S69DgNUCFKC1RCeZfixs1J31l6igk1ziyXErbigQ==}
    cpu: [x64]
    os: [win32]

  '@tweenjs/tween.js@18.6.4':
    resolution: {integrity: sha512-lB9lMjuqjtuJrx7/kOkqQBtllspPIN+96OvTCeJ2j5FEzinoAXTdAMFnDAQT1KVPRlnYfBrqxtqP66vDM40xxQ==}

  '@types/estree@0.0.45':
    resolution: {integrity: sha512-jnqIUKDUqJbDIUxm0Uj7bnlMnRm1T/eZ9N+AVMqhPgzrba2GhGG5o/jCTwmdPK709nEZsGoMzXEDUjcXHa3W0g==}

  '@types/estree@1.0.9':
    resolution: {integrity: sha512-GhdPgy1el4/ImP05X05Uw4cw2/M93BCUmnEvWZNStlCzEKME4Fkk+YpoA5OiHNQmoS7Cafb8Xa3Pya8m1Qrzeg==}

  '@types/long@4.0.2':
    resolution: {integrity: sha512-MqTGEo5bj5t157U6fA/BiDynNkn0YknVdh48CMPkTSpFTVmvao5UQmm7uEF6xBEo7qIMAlY/JSleYaE6VOdpaA==}

  '@types/node@26.4.1':
    resolution: {integrity: sha512-k97ENvZWtvA6yqz5/FS6a7duDgOPEeOQOc2iKS/nY6mX6qJUKtLnWzQS+Xj6tXweyj6ZcTAK2Qecetnvi9nCLA==}

  '@vitejs/plugin-vue@5.0.4':
    resolution: {integrity: sha512-WS3hevEszI6CEVEx28F8RjTX97k3KsrcY6kvTg7+Whm5y3oYvcqzVeGCU3hxSAn4uY2CLCkeokkGKpoctccilQ==}
    engines: {node: ^18.0.0 || >=20.0.0}
    peerDependencies:
      vite: ^5.0.0
      vue: ^3.2.25

  '@vue/compiler-core@3.5.43':
    resolution: {integrity: sha512-zdiLhnbe1QQqgDT8xZMpNmyqZ3qlI+/Q/FHQco57Kwl/b05HhCzN6eVGN9QU9rbga4CrS0H5SYY8VGHZCt/1Hg==}

  '@vue/compiler-dom@3.5.43':
    resolution: {integrity: sha512-PEZoAk3NQmsn/ejMzSOCyTYqwGqczrWm70PuhBKjjv1+TCoQAaO/zOqNwjV+honlNstT5ILxtc+8r8UUfj+iEQ==}

  '@vue/compiler-sfc@3.5.43':
    resolution: {integrity: sha512-FCbrG3XNCRl+js3huuKx4IVHBLTvMkJhVepjbxSPu1gn4yWLaYtGNQdjJGZaMytXB6qb76qQDDmDSLy/vkmleQ==}

  '@vue/compiler-ssr@3.5.43':
    resolution: {integrity: sha512-GF62orf7KiJX9RqrHNGrYBudsQGD0OhJ5nDs90O8UiDuS40+YMYomiXu6w6EuvtXuRDc3MSNis3EaaSKAVSWpg==}

  '@vue/devtools-api@6.5.0':
    resolution: {integrity: sha512-o9KfBeaBmCKl10usN4crU53fYtC1r7jJwdGKjPT24t348rHxgfpZ0xL3Xm/gLUYnc0oTp8LAmrxOeLyu6tbk2Q==}

  '@vue/reactivity@3.5.43':
    resolution: {integrity: sha512-G/c9GyOZNI2jVaaS6OX1EF1SSFSv7H0ERqNTl4+DTFMlZmB5eVAB53aLQNam/7NL2NPtaDD7RdVrzf8uJzMuOA==}

  '@vue/runtime-core@3.5.43':
    resolution: {integrity: sha512-hU6U6VnVhBGQDpvlnnDlIB8ZGJBiOcgk2lh/0InltHiz3D8oSkluvuvY+do1G2H3+udeKFsmaBlgVYP7gXQzEw==}

  '@vue/runtime-dom@3.5.43':
    resolution: {integrity: sha512-Bb2Jc0YjjJdMt1SJmb9b2L/IWd3I8lIT9x9eS/xvvP9CiVgna0ffua74xKRmt4/uSJ+0r4iN8ex1jrqkhQGWQw==}

  '@vue/server-renderer@3.5.43':
    resolution: {integrity: sha512-l2Ygjv9NehV94PSBxNWsAHC0j/eIIKbn92mBuWXAPGLnn6HfJ6MH5ubsd+Nk0YoZ5FRuxWI1P2VSoh+dbPQhCQ==}

  '@vue/shared@3.5.43':
    resolution: {integrity: sha512-uksS7YGMR5NZyr4JNq0Rp+QyLns0ueaz20KwzIPW9R0LH1Vnt4E+XUM29PNseEbf1www2gOuhuDi5AKOIXag9Q==}

  '@zip.js/zip.js@2.4.0':
    resolution: {integrity: sha512-FEdzk5jJLWnb2UYRoTWjDzsp6eXjiQLj5/HnfcHitfyncW8YmFlWWExndOKtvBiMbWo8YtYKoMvevHLtB8r/9g==}

  at-least-node@1.0.0:
    resolution: {integrity: sha512-+q/t7Ekv1EDY2l6Gda6LLiX14rU9TV20Wa3ofeQmwPFZbOMo9DXrLbOjFaaclkXKWidIaopwAObQDqwWtGUjqg==}
    engines: {node: '>= 4.0.0'}

  autolinker@3.16.2:
    resolution: {integrity: sha512-JiYl7j2Z19F9NdTmirENSUUIIL/9MytEWtmzhfmsKPCp9E+G35Y0UNCMoM9tFigxT59qSc8Ml2dlZXOCVTYwuA==}

  bitmap-sdf@1.0.4:
    resolution: {integrity: sha512-1G3U4n5JE6RAiALMxu0p1XmeZkTeCwGKykzsLTCqVzfSDaN6S7fKnkIkfejogz+iwqBWc0UYAIKnKHNN7pSfDg==}

  cesium@1.97.0:
    resolution: {integrity: sha512-owMehAM/32XplyyA8SiCdwr1q2fuhrKQMSVddOnpA3cdksWFIxg06KCnuO851lirQst10Gmdfi0JEEn43ub3rA==}
    engines: {node: '>=14.0.0'}

  chokidar@5.0.0:
    resolution: {integrity: sha512-TQMmc3w+5AxjpL8iIiwebF73dRDF4fBIieAqGn9RGCWaEVwQ6Fb2cGe31Yns0RRIzii5goJ1Y7xbMwo1TxMplw==}
    engines: {node: '>= 20.19.0'}

  commander@2.0.0:
    resolution: {integrity: sha512-qebjpyeaA/nJ4w3EO2cV2++/zEkccPnjWogzA2rff+Lk8ILI75vULeTmyd4wPxWdKwtP3J+G39IXVZadh0UHyw==}
    engines: {node: '>= 0.6.x'}

  csstype@3.2.3:
    resolution: {integrity: sha512-z1HGKcYy2xA8AGQfwrn0PAy+PB7X/GSj3UVJW9qKyn43xWa+gl5nXmU4qqLMRzWVLFC8KusUX8T/0kCiOYpAIQ==}

  debug@2.6.9:
    resolution: {integrity: sha512-bC7ElrdJaJnPbAP+1EotYvqZsb3ecl5wi6Bfi6BJTUcNowp6cvspg0jXznRTKDjm/E7AdgFBVeAPVMNcKGsHMA==}
    peerDependencies:
      supports-color: '*'
    peerDependenciesMeta:
      supports-color:
        optional: true

  depd@2.0.0:
    resolution: {integrity: sha512-g7nH6P6dyDioJogAAGprGpCtVImJhpPk/roCzdb3fIh61/s/nPsfR6onyMwkCAR/OlC3yBC0lESvUoQEAssIrw==}
    engines: {node: '>= 0.8'}

  destroy@1.2.0:
    resolution: {integrity: sha512-2sJGJTaXIIaR1w4iJSNoN0hnMY7Gpc/n8D4qSCJw8QqFWXf7cuAgnEHxBpweaVcPevC2l3KpjYCx3NypQQgaJg==}
    engines: {node: '>= 0.8', npm: 1.2.8000 || >= 1.4.16}

  detect-libc@2.1.2:
    resolution: {integrity: sha512-Btj2BOOO83o3WyH59e8MgXsxEQVcarkUOpEYrubB0urwnN10yQ364rsiByU11nZlqWYZm05i/of7io4mzihBtQ==}
    engines: {node: '>=8'}

  dompurify@2.5.9:
    resolution: {integrity: sha512-i6mvVmWN4xo9LrhCOZrDgSs9noW6nOahbrmzjRbPF36YPyj5Ue5lgok0MHDWkG7xzpWFO2OYttXdzM7rJxHvNA==}

  earcut@2.2.4:
    resolution: {integrity: sha512-/pjZsA1b4RPHbeWZQn66SWS8nZZWLQQ23oE3Eam7aroEFGEvwKAsJfZ9ytiEMycfzXWpca4FA9QIOehf7PocBQ==}

  echarts@5.5.0:
    resolution: {integrity: sha512-rNYnNCzqDAPCr4m/fqyUFv7fD9qIsd50S6GDFgO1DxZhncCsNsG7IfUlAlvZe5oSEQxtsjnHiUuppzccry93Xw==}

  ee-first@1.1.1:
    resolution: {integrity: sha512-WMwm9LhRUo+WUaRN+vRuETqG89IgZphVSNkdFgeb6sS/E4OrDIN7t48CAewSHXc6C8lefD8KKfr5vY61brQlow==}

  encodeurl@2.0.0:
    resolution: {integrity: sha512-Q0n9HRi4m6JuGIV1eFlmvJB7ZEVxu93IrMyiMsGC0lrMJMWzRgx6WGquyfQgZVb31vhGgXnfmPNNXmxnOkRBrg==}
    engines: {node: '>= 0.8'}

  entities@7.0.1:
    resolution: {integrity: sha512-TWrgLOFUQTH994YUyl1yT4uyavY5nNB5muff+RtWaqNVCAK408b5ZnnbNAUEWLTCpum9w6arT70i1XdQ4UeOPA==}
    engines: {node: '>=0.12'}

  esbuild@0.20.1:
    resolution: {integrity: sha512-OJwEgrpWm/PCMsLVWXKqvcjme3bHNpOgN7Tb6cQnR5n0TPbQx1/Xrn7rqM+wn17bYeT6MGB5sn1Bh5YiGi70nA==}
    engines: {node: '>=12'}
    hasBin: true

  escape-html@1.0.3:
    resolution: {integrity: sha512-NiSupZ4OeuGwr68lGIeym/ksIZMJodUGOSCZ/FSnTxcrekbvqrgdUxlJOMpijaKZVjAJrWrGs/6Jy8OMuyj9ow==}

  estree-walker@2.0.2:
    resolution: {integrity: sha512-Rfkk/Mp/DL7JVje3u18FxFujQlTNR2q6QfMSMB7AvCBx91NGj/ba3kCfza0f6dVDbw7YlRf/nDrn7pQrCCyQ/w==}

  etag@1.8.1:
    resolution: {integrity: sha512-aIL5Fx7mawVa300al2BnEE4iNvo1qETxLrPI/o05L7z6go7fCw1J6EQmbK4FmJ2AS7kgVF/KEZWufBfdClMcPg==}
    engines: {node: '>= 0.6'}

  fresh@0.5.2:
    resolution: {integrity: sha512-zJ2mQYM18rEFOudeV4GShTGIQ7RbzA7ozbU9I/XBpm7kqgMywgmylMwXHxZJmkVoYkna9d2pVXVXPdYTP9ej8Q==}
    engines: {node: '>= 0.6'}

  fs-extra@9.1.0:
    resolution: {integrity: sha512-hcg3ZmepS30/7BSFqRvoo3DOMQu7IjqxO5nCDt+zM9XWjb33Wg7ziNT+Qvqbuc3+gWpzO02JubVyk2G4Zvo1OQ==}
    engines: {node: '>=10'}

  fsevents@2.3.3:
    resolution: {integrity: sha512-5xoDfX+fL7faATnagmWPpbFtwh/R77WmMMqqHGS65C3vvB0YHrgF+B1YmZ3441tMj5n63k0212XNoJwzlhffQw==}
    engines: {node: ^8.16.0 || ^10.6.0 || >=11.0.0}
    os: [darwin]

  graceful-fs@4.2.11:
    resolution: {integrity: sha512-RbJ5/jmFcNNCcDV5o9eTnBLJ/HszWV0P73bc+Ff4nS/rJj+YaS6IGyiOL0VoBYX+l1Wrl3k63h/KrH+nhJ0XvQ==}

  grapheme-splitter@1.0.4:
    resolution: {integrity: sha512-bzh50DW9kTPM00T8y4o8vQg89Di9oLJVLW/KaOGIXJWP/iqCN6WKYkbNOF04vFLJhwcpYUh9ydh/+5vpOqV4YQ==}

  http-errors@2.0.1:
    resolution: {integrity: sha512-4FbRdAX+bSdmo4AUFuS0WNiPz8NgFt+r8ThgNWmlrjQjt1Q7ZR9+zTlce2859x4KSXrwIsaeTqDoKQmtP8pLmQ==}
    engines: {node: '>= 0.8'}

  immutable@5.1.9:
    resolution: {integrity: sha512-m8nVez3rwrgmWxtLMt1ZYXB2Lv7OKYn/disyxAlSDYAlKSlFoPPfIAmAM/M5xqL4m4C/wAPw7S2/CNaUii1Hxg==}

  inherits@2.0.4:
    resolution: {integrity: sha512-k/vGaX4/Yla3WzyMCvTQOXYeIHvqOKtnqBduzTHpzpQZzAskKMhZ2K+EnBiSM9zGSoIFeMpXKxa4dYeZIQqewQ==}

  is-extglob@2.1.1:
    resolution: {integrity: sha512-SbKbANkN603Vi4jEZv49LeVJMn4yGwsbzZworEoyEiutsN3nJYdbO36zfhGJ6QEDpOZIFkDtnq5JRxmvl3jsoQ==}
    engines: {node: '>=0.10.0'}

  is-glob@4.0.3:
    resolution: {integrity: sha512-xelSayHH36ZgE7ZWhli7pW34hNbNl8Ojv5KVmkJD4hBdD3th8Tfk9vYasLM+mXWOZhFkgZfxhLSnrwRr4elSSg==}
    engines: {node: '>=0.10.0'}

  is-reference@1.2.1:
    resolution: {integrity: sha512-U82MsXXiFIrjCK4otLT+o2NA2Cd2g5MLoOVXUZjIOhLurrRxpEXzI8O0KZHr3IjLvlAH1kTPYSuqer5T9ZVBKQ==}

  jsep@0.3.5:
    resolution: {integrity: sha512-AoRLBDc6JNnKjNcmonituEABS5bcfqDhQAWWXNTFrqu6nVXBpBAGfcoTGZMFlIrh9FjmE1CQyX9CTNwZrXMMDA==}
    engines: {node: '>= 6.0.0'}

  jsonfile@6.2.1:
    resolution: {integrity: sha512-zwOTdL3rFQ/lRdBnntKVOX6k5cKJwEc1HdilT71BWEu7J41gXIB2MRp+vxduPSwZJPWBxEzv4yH1wYLJGUHX4Q==}

  kdbush@3.0.0:
    resolution: {integrity: sha512-hRkd6/XW4HTsA9vjVpY9tuXJYLSlelnkTmVFu4M9/7MIYQtFcHpbugAU7UbOfjOiVSVYl2fqgBuJ32JUmRo5Ew==}

  ktx-parse@0.2.1:
    resolution: {integrity: sha512-I+2mYJ6nQdWGmOlE3m9d9idKfhn2MCw04zaVpgtzyuc19uQ8OwRmmYLf/TP5ueVFfYmHbdpM8mPmId2X5PBLEw==}

  lerc@2.0.0:
    resolution: {integrity: sha512-7qo1Mq8ZNmaR4USHHm615nEW2lPeeWJ3bTyoqFbd35DLx0LUH7C6ptt5FDCTAlbIzs3+WKrk5SkJvw8AFDE2hg==}

  long@5.3.2:
    resolution: {integrity: sha512-mNAgZ1GmyNhD7AuqnTG3/VQ26o760+ZYBPKjPvugO8+nLbYfX6TVpJPseBvopbdY+qpZ/lKUnmEc1LeZYS3QAA==}

  magic-string@0.25.7:
    resolution: {integrity: sha512-4CrMT5DOHTDk4HYDlzmwu4FVCcIYI8gauveasrdCu2IKIFOJ3f0v/8MDGJCDL9oD2ppz/Av1b0Nj345H9M+XIA==}

  magic-string@0.30.21:
    resolution: {integrity: sha512-vd2F4YUyEXKGcLHoq+TEyCjxueSeHnFxyyjNp80yg0XV4vUhnDer/lvvlqM/arB5bXQN5K2/3oinyCRyx8T2CQ==}

  mersenne-twister@1.1.0:
    resolution: {integrity: sha512-mUYWsMKNrm4lfygPkL3OfGzOPTR2DBlTkBNHM//F6hGp8cLThY897crAlk3/Jo17LEOOjQUrNAx6DvgO77QJkA==}

  meshoptimizer@0.16.1:
    resolution: {integrity: sha512-HWGGiUkjfbR6c70FvK1DujHg/e0gdIa7lzWoBtw0/4nexd6X6G2zmzfe9m3jpJlk4UFlBIfImQk2oD16m3QMew==}

  mime@1.6.0:
    resolution: {integrity: sha512-x0Vn8spI+wuJ1O6S7gnbaQg8Pxh4NNHb7KSINmEWKiPE4RKOplvijn+NkmYmmRgP68mc70j2EbeTFRsrswaQeg==}
    engines: {node: '>=4'}
    hasBin: true

  ms@2.0.0:
    resolution: {integrity: sha512-Tpp60P6IUJDTuOq/5Z8cdskzJujfwqfOTkrwIwj7IRISpnkJnT6SyJ4PCPnGMoFjC9ddhal5KVIYtAt97ix05A==}

  ms@2.1.3:
    resolution: {integrity: sha512-6FlzubTLZG3J2a/NVCAleEhjzq5oxgHyaCU9yYXvcLsvoVaHJq/s5xXI6/XXP6tz7R9xAOtHnSO/tXtF3WRTlA==}

  nanoid@3.3.19:
    resolution: {integrity: sha512-Y2tUNy4ouw6tq5oDSKeQYGOyhkUBhNOcGV/02KC+6kd9eDGqdZd++mjMiIDilrBYvjEnCYvVtsuHCuP+okSfug==}
    engines: {node: ^10 || ^12 || ^13.7 || ^14 || >=15.0.1}
    hasBin: true

  node-addon-api@7.0.0:
    resolution: {integrity: sha512-vgbBJTS4m5/KkE16t5Ly0WW9hz46swAstv0hYYwMtbG7AznRhNyfLRe8HZAiWIpcHzoO7HxhLuBQj9rJ/Ho0ZA==}

  nosleep.js@0.9.0:
    resolution: {integrity: sha512-qLOl2MmuGOPZY7Exi0kYJSCr2e9IcAtOykOo7hXUGAoaMC1Iqj0m+Aj2REuay68mDkhbc5CoA4ccUvcZI175Kw==}

  on-finished@2.4.1:
    resolution: {integrity: sha512-oVlzkg3ENAhCk2zdv7IJwd/QUD4z2RxRwpkcGY8psCVcCYZNq4wYnVWALHM+brtuJjePWiYF/ClmuDr8Ch5+kg==}
    engines: {node: '>= 0.8'}

  pako@1.0.4:
    resolution: {integrity: sha512-TP//qplLa6OcT4PD5blnnrKHvoIduOBeQ2Fl3EeSGTBrmL/DdGZgAJTK+9GFLu46zdbm2LfjCGLxqITP4Yoihg==}

  parseurl@1.3.3:
    resolution: {integrity: sha512-CiyeOxFT/JZyN5m0z9PfXw4SCBJ6Sygz1Dpl0wqjlhDEGGBP1GnsUVEL0p63hoG1fcj3fHynXi9NYO4nWOL+qQ==}
    engines: {node: '>= 0.8'}

  picocolors@1.1.1:
    resolution: {integrity: sha512-xceH2snhtb5M9liqDsmEw56le376mTZkEX/jEb/RxNFyegNul7eNslCXP9FDj/Lcu0X8KEyMceP2ntpaHrDEVA==}

  picomatch@2.3.2:
    resolution: {integrity: sha512-V7+vQEJ06Z+c5tSye8S+nHUfI51xoXIXjHQ99cQtKUkQqqO1kO/KCJUfZXuB47h/YBlDhah2H3hdUGXn8ie0oA==}
    engines: {node: '>=8.6'}

  picomatch@4.0.7:
    resolution: {integrity: sha512-qcJu88Q2IWqJsDD529JKMdwGm/dvInW4HvQnRwiH9JtihJvzGOscDtHE3x1pBKeUOTysQ8kVmLnJ2kJu7yhcGA==}
    engines: {node: '>=12'}

  pinia@2.1.7:
    resolution: {integrity: sha512-+C2AHFtcFqjPih0zpYuvof37SFxMQ7OEG2zV9jRI12i9BOy3YQVAHwdKtyyc8pDcDyIc33WCIsZaCFWU7WWxGQ==}
    peerDependencies:
      '@vue/composition-api': ^1.4.0
      typescript: '>=4.4.4'
      vue: ^2.6.14 || ^3.3.0
    peerDependenciesMeta:
      '@vue/composition-api':
        optional: true
      typescript:
        optional: true

  postcss@8.5.28:
    resolution: {integrity: sha512-RRuzqDtt5Y9h3quz5hWhK+TPnsmVs6WwSU6LkJMeY4HstUEDuYTG8UJSdawMRzmzAtV+KEoG8N3Qg2qLy5vM/A==}
    engines: {node: ^10 || ^12 || >=14}

  protobufjs@7.0.0:
    resolution: {integrity: sha512-ffNIEm+quOcYtQvHdW406v1NQmZSuqVklxsXk076BtuFnlYZfigLU+JOMrTD8TUOyqHYbRI/fSVNvgd25YeN3w==}
    engines: {node: '>=12.0.0'}

  quickselect@2.0.0:
    resolution: {integrity: sha512-RKJ22hX8mHe3Y6wH/N3wCM6BWtjaxIyyUIkpHOvfFnxdI4yD4tBXEBKSbriGujF6jnSVkJrffuo6vxACiSSxIw==}

  range-parser@1.2.1:
    resolution: {integrity: sha512-Hrgsx+orqoygnmhFbKaHE6c296J+HTAQXoxEF6gNupROmmGJRoyzfG3ccAveqCBrwr/2yxQ5BVd/GTl5agOwSg==}
    engines: {node: '>= 0.6'}

  rbush@3.0.1:
    resolution: {integrity: sha512-XRaVO0YecOpEuIvbhbpTrZgoiI6xBlz6hnlr6EHhd+0x9ase6EmeN+hdwwUaJvLcsFFQ8iWVF1GAK1yB0BWi0w==}

  readdirp@5.1.1:
    resolution: {integrity: sha512-Kko+Y5XQ6fM+Ce3dq3m9YGxnacYZYl9cA1wZjaF3Vbry2L3i1qVg8+CAgNPsXRArPMUMCaOR7oa9Nqntc43JKA==}
    engines: {node: '>= 20.19.0'}

  rollup-plugin-external-globals@0.6.1:
    resolution: {integrity: sha512-mlp3KNa5sE4Sp9UUR2rjBrxjG79OyZAh/QC18RHIjM+iYkbBwNXSo8DHRMZWtzJTrH8GxQ+SJvCTN3i14uMXIA==}
    peerDependencies:
      rollup: ^2.25.0

  rollup@4.63.4:
    resolution: {integrity: sha512-4U0liVayNIoLp3GFl1FcI8561WepLnZ1rqfraGh7S9B3Ur5F9S283y8Futii7RUU2C/97tOBmBy7nYvhoiOpbQ==}
    engines: {node: '>=18.0.0', npm: '>=8.0.0'}
    hasBin: true

  sass@1.105.0:
    resolution: {integrity: sha512-4EjSuRTyG8M4yRXXY1PT9OUV5zz23xBxJkbIAprohKHqf6HOU4MCpE3U3vAC+iO1gxobBjESNbcj8rYAQZWnyA==}
    engines: {node: '>=20.19.0'}
    hasBin: true

  send@0.19.2:
    resolution: {integrity: sha512-VMbMxbDeehAxpOtWJXlcUS5E8iXh6QmN+BkRX1GARS3wRaXEEgzCcB10gTQazO42tpNIya8xIyNx8fll1OFPrg==}
    engines: {node: '>= 0.8.0'}

  serve-static@1.16.3:
    resolution: {integrity: sha512-x0RTqQel6g5SY7Lg6ZreMmsOzncHFU7nhnRWkKgWuMTu5NN0DR5oruckMqRvacAN9d5w6ARnRBXl9xhDCgfMeA==}
    engines: {node: '>= 0.8.0'}

  setprototypeof@1.2.0:
    resolution: {integrity: sha512-E5LDX7Wrp85Kil5bhZv46j8jOeboKq5JMmYM3gVGdGH8xFpPWXUMsNrlODCrkoxMEeNi/XZIwuRvY4XNwYMJpw==}

  source-map-js@1.2.1:
    resolution: {integrity: sha512-UXWMKhLOwVKb728IUtQPXxfYU+usdybtUrK/8uGE8CQMvrhOpwvzDBwj0QhSL7MQc7vIsISBG8VQ8+IDQxpfQA==}
    engines: {node: '>=0.10.0'}

  sourcemap-codec@1.4.8:
    resolution: {integrity: sha512-9NykojV5Uih4lgo5So5dtw+f0JgJX30KCNI8gwhz2J9A15wD0Ml6tjHKwf6fTSa6fAdVBdZeNOs9eJ71qCk8vA==}
    deprecated: Please use @jridgewell/sourcemap-codec instead

  statuses@2.0.2:
    resolution: {integrity: sha512-DvEy55V3DB7uknRo+4iOGT5fP1slR8wQohVdknigZPMpMstaKJQWhwiYBACJE3Ul2pTnATihhBYnRhZQHGBiRw==}
    engines: {node: '>= 0.8'}

  toidentifier@1.0.1:
    resolution: {integrity: sha512-o5sSPKEkg/DIQNmH43V0/uerLrpzVedkUh8tGNvaeXpfpuwjKenlSox/2O/BTlZUtEe+JG7s5YhEz608PlAHRA==}
    engines: {node: '>=0.6'}

  topojson-client@3.1.0:
    resolution: {integrity: sha512-605uxS6bcYxGXw9qi62XyrV6Q3xwbndjachmNxu8HWTtVPxZfEJN9fd/SZS1Q54Sn2y0TMyMxFj/cJINqGHrKw==}
    hasBin: true

  tslib@2.3.0:
    resolution: {integrity: sha512-N82ooyxVNm6h1riLCoyS9e3fuJ3AMG2zIZs2Gd1ATcSFjSA23Q0fzjjZeh0jbJvWVDZ0cJT8yaNNaaXHzueNjg==}

  tslib@2.8.1:
    resolution: {integrity: sha512-oJFu94HQb+KVduSUQL7wnpmqnfmLsOA/nAh6b6EH0wCEoK0/mPeXU6c3wKDV83MkOuHPRHtSXKKU99IBazS/2w==}

  undici-types@8.3.0:
    resolution: {integrity: sha512-j375ScV60dom+YkPFIfTLcOiPxkN/buHz5GobjLhixFuANaNs3C9l4GmrWqejgXWJ7BbJcFYpTEUkS1Ge8bpZQ==}

  universalify@2.0.1:
    resolution: {integrity: sha512-gptHNQghINnc/vTGIk0SOFGFNXw7JVrlRUtConJRlvaw6DuX0wO5Jeko9sWrMBhh+PsYAZ7oXAiOnf/UKogyiw==}
    engines: {node: '>= 10.0.0'}

  urijs@1.19.11:
    resolution: {integrity: sha512-HXgFDgDommxn5/bIv0cnQZsPhHDA90NPHD6+c/v21U5+Sx5hoP8+dP9IZXBU1gIfvdRfhG8cel9QNPeionfcCQ==}

  vite-plugin-cesium@1.2.23:
    resolution: {integrity: sha512-x9A8ZCEoegceXg/E+LnxKr0XBsI9CR4cgYWQ2Dd3cUEYwKcTnHQ3kBfpol7BUcGtgQnQos/mtVrRmuVQBXFjHw==}
    peerDependencies:
      cesium: ^1.95.0
      vite: '>=2.7.1'

  vite@5.2.11:
    resolution: {integrity: sha512-HndV31LWW05i1BLPMUCE1B9E9GFbOu1MbenhS58FuK6owSO5qHm7GiCotrNY1YE5rMeQSFBGmT5ZaLEjFizgiQ==}
    engines: {node: ^18.0.0 || >=20.0.0}
    hasBin: true
    peerDependencies:
      '@types/node': ^18.0.0 || >=20.0.0
      less: '*'
      lightningcss: ^1.21.0
      sass: '*'
      stylus: '*'
      sugarss: '*'
      terser: ^5.4.0
    peerDependenciesMeta:
      '@types/node':
        optional: true
      less:
        optional: true
      lightningcss:
        optional: true
      sass:
        optional: true
      stylus:
        optional: true
      sugarss:
        optional: true
      terser:
        optional: true

  vue-demi@0.14.10:
    resolution: {integrity: sha512-nMZBOwuzabUO0nLgIcc6rycZEebF6eeUfaiQx9+WSk8e29IbLvPU9feI6tqW4kTo3hvoYAJkMh8n8D0fuISphg==}
    engines: {node: '>=12'}
    hasBin: true
    peerDependencies:
      '@vue/composition-api': ^1.0.0-rc.1
      vue: ^3.0.0-0 || ^2.6.0
    peerDependenciesMeta:
      '@vue/composition-api':
        optional: true

  vue@3.5.43:
    resolution: {integrity: sha512-o5qZoksdnjIKvW1srZ3ab7pcDNYAerBjRe54D0LBLfRdCYFrSgBHVXokMas35czQc0//lmx4/tuY4ZNQ+Rf2Ng==}
    peerDependencies:
      typescript: '*'
    peerDependenciesMeta:
      typescript:
        optional: true

  zrender@5.5.0:
    resolution: {integrity: sha512-O3MilSi/9mwoovx77m6ROZM7sXShR/O/JIanvzTwjN3FORfLSr81PsUGd7jlaYOeds9d8tw82oP44+3YucVo+w==}

snapshots:

  '@babel/helper-string-parser@7.29.7': {}

  '@babel/helper-validator-identifier@7.29.7': {}

  '@babel/parser@7.29.9':
    dependencies:
      '@babel/types': 7.29.8

  '@babel/types@7.29.8':
    dependencies:
      '@babel/helper-string-parser': 7.29.7
      '@babel/helper-validator-identifier': 7.29.7

  '@esbuild/aix-ppc64@0.20.1':
    optional: true

  '@esbuild/android-arm64@0.20.1':
    optional: true

  '@esbuild/android-arm@0.20.1':
    optional: true

  '@esbuild/android-x64@0.20.1':
    optional: true

  '@esbuild/darwin-arm64@0.20.1':
    optional: true

  '@esbuild/darwin-x64@0.20.1':
    optional: true

  '@esbuild/freebsd-arm64@0.20.1':
    optional: true

  '@esbuild/freebsd-x64@0.20.1':
    optional: true

  '@esbuild/linux-arm64@0.20.1':
    optional: true

  '@esbuild/linux-arm@0.20.1':
    optional: true

  '@esbuild/linux-ia32@0.20.1':
    optional: true

  '@esbuild/linux-loong64@0.20.1':
    optional: true

  '@esbuild/linux-mips64el@0.20.1':
    optional: true

  '@esbuild/linux-ppc64@0.20.1':
    optional: true

  '@esbuild/linux-riscv64@0.20.1':
    optional: true

  '@esbuild/linux-s390x@0.20.1':
    optional: true

  '@esbuild/linux-x64@0.20.1':
    optional: true

  '@esbuild/netbsd-x64@0.20.1':
    optional: true

  '@esbuild/openbsd-x64@0.20.1':
    optional: true

  '@esbuild/sunos-x64@0.20.1':
    optional: true

  '@esbuild/win32-arm64@0.20.1':
    optional: true

  '@esbuild/win32-ia32@0.20.1':
    optional: true

  '@esbuild/win32-x64@0.20.1':
    optional: true

  '@jridgewell/sourcemap-codec@1.6.0': {}

  '@napi-rs/lzma-linux-x64-gnu@1.5.1':
    optional: true

  '@parcel/watcher-android-arm64@2.6.0':
    optional: true

  '@parcel/watcher-darwin-arm64@2.6.0':
    optional: true

  '@parcel/watcher-darwin-x64@2.6.0':
    optional: true

  '@parcel/watcher-freebsd-x64@2.6.0':
    optional: true

  '@parcel/watcher-linux-arm-glibc@2.6.0':
    optional: true

  '@parcel/watcher-linux-arm-musl@2.6.0':
    optional: true

  '@parcel/watcher-linux-arm64-glibc@2.6.0':
    optional: true

  '@parcel/watcher-linux-arm64-musl@2.6.0':
    optional: true

  '@parcel/watcher-linux-x64-glibc@2.6.0':
    optional: true

  '@parcel/watcher-linux-x64-musl@2.6.0':
    optional: true

  '@parcel/watcher-win32-arm64@2.6.0':
    optional: true

  '@parcel/watcher-win32-x64@2.6.0':
    optional: true

  '@parcel/watcher@2.6.0':
    dependencies:
      detect-libc: 2.1.2
      is-glob: 4.0.3
      node-addon-api: 7.0.0
      picomatch: 4.0.7
    optionalDependencies:
      '@parcel/watcher-android-arm64': 2.6.0
      '@parcel/watcher-darwin-arm64': 2.6.0
      '@parcel/watcher-darwin-x64': 2.6.0
      '@parcel/watcher-freebsd-x64': 2.6.0
      '@parcel/watcher-linux-arm-glibc': 2.6.0
      '@parcel/watcher-linux-arm-musl': 2.6.0
      '@parcel/watcher-linux-arm64-glibc': 2.6.0
      '@parcel/watcher-linux-arm64-musl': 2.6.0
      '@parcel/watcher-linux-x64-glibc': 2.6.0
      '@parcel/watcher-linux-x64-musl': 2.6.0
      '@parcel/watcher-win32-arm64': 2.6.0
      '@parcel/watcher-win32-x64': 2.6.0
    optional: true

  '@protobufjs/aspromise@1.1.2': {}

  '@protobufjs/base64@1.1.2': {}

  '@protobufjs/codegen@2.0.5': {}

  '@protobufjs/eventemitter@1.1.1': {}

  '@protobufjs/fetch@1.1.1':
    dependencies:
      '@protobufjs/aspromise': 1.1.2

  '@protobufjs/float@1.0.2': {}

  '@protobufjs/inquire@1.1.2': {}

  '@protobufjs/path@1.1.2': {}

  '@protobufjs/pool@1.1.0': {}

  '@protobufjs/utf8@1.1.2': {}

  '@rollup/pluginutils@4.0.0(rollup@4.63.4)':
    dependencies:
      '@types/estree': 0.0.45
      estree-walker: 2.0.2
      picomatch: 2.3.2
      rollup: 4.63.4

  '@rollup/rollup-android-arm-eabi@4.63.4':
    optional: true

  '@rollup/rollup-android-arm64@4.63.4':
    optional: true

  '@rollup/rollup-darwin-arm64@4.63.4':
    optional: true

  '@rollup/rollup-darwin-x64@4.63.4':
    optional: true

  '@rollup/rollup-freebsd-arm64@4.63.4':
    optional: true

  '@rollup/rollup-freebsd-x64@4.63.4':
    optional: true

  '@rollup/rollup-linux-arm-gnueabihf@4.63.4':
    optional: true

  '@rollup/rollup-linux-arm-musleabihf@4.63.4':
    optional: true

  '@rollup/rollup-linux-arm64-gnu@4.63.4':
    optional: true

  '@rollup/rollup-linux-arm64-musl@4.63.4':
    optional: true

  '@rollup/rollup-linux-loong64-gnu@4.63.4':
    optional: true

  '@rollup/rollup-linux-loong64-musl@4.63.4':
    optional: true

  '@rollup/rollup-linux-ppc64-gnu@4.63.4':
    optional: true

  '@rollup/rollup-linux-ppc64-musl@4.63.4':
    optional: true

  '@rollup/rollup-linux-riscv64-gnu@4.63.4':
    optional: true

  '@rollup/rollup-linux-riscv64-musl@4.63.4':
    optional: true

  '@rollup/rollup-linux-s390x-gnu@4.63.4':
    optional: true

  '@rollup/rollup-linux-x64-gnu@4.63.4':
    optional: true

  '@rollup/rollup-linux-x64-musl@4.63.4':
    optional: true

  '@rollup/rollup-openbsd-x64@4.63.4':
    optional: true

  '@rollup/rollup-openharmony-arm64@4.63.4':
    optional: true

  '@rollup/rollup-win32-arm64-msvc@4.63.4':
    optional: true

  '@rollup/rollup-win32-ia32-msvc@4.63.4':
    optional: true

  '@rollup/rollup-win32-x64-gnu@4.63.4':
    optional: true

  '@rollup/rollup-win32-x64-msvc@4.63.4':
    optional: true

  '@tweenjs/tween.js@18.6.4': {}

  '@types/estree@0.0.45': {}

  '@types/estree@1.0.9': {}

  '@types/long@4.0.2': {}

  '@types/node@26.4.1':
    dependencies:
      undici-types: 8.3.0

  '@vitejs/plugin-vue@5.0.4(vite@5.2.11(@types/node@26.4.1)(sass@1.105.0))(vue@3.5.43)':
    dependencies:
      vite: 5.2.11(@types/node@26.4.1)(sass@1.105.0)
      vue: 3.5.43

  '@vue/compiler-core@3.5.43':
    dependencies:
      '@babel/parser': 7.29.9
      '@vue/shared': 3.5.43
      entities: 7.0.1
      estree-walker: 2.0.2
      source-map-js: 1.2.1

  '@vue/compiler-dom@3.5.43':
    dependencies:
      '@vue/compiler-core': 3.5.43
      '@vue/shared': 3.5.43

  '@vue/compiler-sfc@3.5.43':
    dependencies:
      '@babel/parser': 7.29.9
      '@vue/compiler-core': 3.5.43
      '@vue/compiler-dom': 3.5.43
      '@vue/compiler-ssr': 3.5.43
      '@vue/shared': 3.5.43
      estree-walker: 2.0.2
      magic-string: 0.30.21
      postcss: 8.5.28
      source-map-js: 1.2.1

  '@vue/compiler-ssr@3.5.43':
    dependencies:
      '@vue/compiler-dom': 3.5.43
      '@vue/shared': 3.5.43

  '@vue/devtools-api@6.5.0': {}

  '@vue/reactivity@3.5.43':
    dependencies:
      '@vue/shared': 3.5.43

  '@vue/runtime-core@3.5.43':
    dependencies:
      '@vue/reactivity': 3.5.43
      '@vue/shared': 3.5.43

  '@vue/runtime-dom@3.5.43':
    dependencies:
      '@vue/reactivity': 3.5.43
      '@vue/runtime-core': 3.5.43
      '@vue/shared': 3.5.43
      csstype: 3.2.3

  '@vue/server-renderer@3.5.43':
    dependencies:
      '@vue/compiler-ssr': 3.5.43
      '@vue/runtime-dom': 3.5.43
      '@vue/shared': 3.5.43

  '@vue/shared@3.5.43': {}

  '@zip.js/zip.js@2.4.0': {}

  at-least-node@1.0.0: {}

  autolinker@3.16.2:
    dependencies:
      tslib: 2.8.1

  bitmap-sdf@1.0.4: {}

  cesium@1.97.0:
    dependencies:
      '@tweenjs/tween.js': 18.6.4
      '@zip.js/zip.js': 2.4.0
      autolinker: 3.16.2
      bitmap-sdf: 1.0.4
      dompurify: 2.5.9
      earcut: 2.2.4
      grapheme-splitter: 1.0.4
      jsep: 0.3.5
      kdbush: 3.0.0
      ktx-parse: 0.2.1
      lerc: 2.0.0
      mersenne-twister: 1.1.0
      meshoptimizer: 0.16.1
      nosleep.js: 0.9.0
      pako: 1.0.4
      protobufjs: 7.0.0
      rbush: 3.0.1
      topojson-client: 3.1.0
      urijs: 1.19.11

  chokidar@5.0.0:
    dependencies:
      readdirp: 5.1.1

  commander@2.0.0: {}

  csstype@3.2.3: {}

  debug@2.6.9:
    dependencies:
      ms: 2.0.0

  depd@2.0.0: {}

  destroy@1.2.0: {}

  detect-libc@2.1.2:
    optional: true

  dompurify@2.5.9: {}

  earcut@2.2.4: {}

  echarts@5.5.0:
    dependencies:
      tslib: 2.3.0
      zrender: 5.5.0

  ee-first@1.1.1: {}

  encodeurl@2.0.0: {}

  entities@7.0.1: {}

  esbuild@0.20.1:
    optionalDependencies:
      '@esbuild/aix-ppc64': 0.20.1
      '@esbuild/android-arm': 0.20.1
      '@esbuild/android-arm64': 0.20.1
      '@esbuild/android-x64': 0.20.1
      '@esbuild/darwin-arm64': 0.20.1
      '@esbuild/darwin-x64': 0.20.1
      '@esbuild/freebsd-arm64': 0.20.1
      '@esbuild/freebsd-x64': 0.20.1
      '@esbuild/linux-arm': 0.20.1
      '@esbuild/linux-arm64': 0.20.1
      '@esbuild/linux-ia32': 0.20.1
      '@esbuild/linux-loong64': 0.20.1
      '@esbuild/linux-mips64el': 0.20.1
      '@esbuild/linux-ppc64': 0.20.1
      '@esbuild/linux-riscv64': 0.20.1
      '@esbuild/linux-s390x': 0.20.1
      '@esbuild/linux-x64': 0.20.1
      '@esbuild/netbsd-x64': 0.20.1
      '@esbuild/openbsd-x64': 0.20.1
      '@esbuild/sunos-x64': 0.20.1
      '@esbuild/win32-arm64': 0.20.1
      '@esbuild/win32-ia32': 0.20.1
      '@esbuild/win32-x64': 0.20.1

  escape-html@1.0.3: {}

  estree-walker@2.0.2: {}

  etag@1.8.1: {}

  fresh@0.5.2: {}

  fs-extra@9.1.0:
    dependencies:
      at-least-node: 1.0.0
      graceful-fs: 4.2.11
      jsonfile: 6.2.1
      universalify: 2.0.1

  fsevents@2.3.3:
    optional: true

  graceful-fs@4.2.11: {}

  grapheme-splitter@1.0.4: {}

  http-errors@2.0.1:
    dependencies:
      depd: 2.0.0
      inherits: 2.0.4
      setprototypeof: 1.2.0
      statuses: 2.0.2
      toidentifier: 1.0.1

  immutable@5.1.9: {}

  inherits@2.0.4: {}

  is-extglob@2.1.1:
    optional: true

  is-glob@4.0.3:
    dependencies:
      is-extglob: 2.1.1
    optional: true

  is-reference@1.2.1:
    dependencies:
      '@types/estree': 1.0.9

  jsep@0.3.5: {}

  jsonfile@6.2.1:
    dependencies:
      universalify: 2.0.1
    optionalDependencies:
      graceful-fs: 4.2.11

  kdbush@3.0.0: {}

  ktx-parse@0.2.1: {}

  lerc@2.0.0: {}

  long@5.3.2: {}

  magic-string@0.25.7:
    dependencies:
      sourcemap-codec: 1.4.8

  magic-string@0.30.21:
    dependencies:
      '@jridgewell/sourcemap-codec': 1.6.0

  mersenne-twister@1.1.0: {}

  meshoptimizer@0.16.1: {}

  mime@1.6.0: {}

  ms@2.0.0: {}

  ms@2.1.3: {}

  nanoid@3.3.19: {}

  node-addon-api@7.0.0:
    optional: true

  nosleep.js@0.9.0: {}

  on-finished@2.4.1:
    dependencies:
      ee-first: 1.1.1

  pako@1.0.4: {}

  parseurl@1.3.3: {}

  picocolors@1.1.1: {}

  picomatch@2.3.2: {}

  picomatch@4.0.7:
    optional: true

  pinia@2.1.7(vue@3.5.43):
    dependencies:
      '@vue/devtools-api': 6.5.0
      vue: 3.5.43
      vue-demi: 0.14.10(vue@3.5.43)

  postcss@8.5.28:
    dependencies:
      nanoid: 3.3.19
      picocolors: 1.1.1
      source-map-js: 1.2.1

  protobufjs@7.0.0:
    dependencies:
      '@protobufjs/aspromise': 1.1.2
      '@protobufjs/base64': 1.1.2
      '@protobufjs/codegen': 2.0.5
      '@protobufjs/eventemitter': 1.1.1
      '@protobufjs/fetch': 1.1.1
      '@protobufjs/float': 1.0.2
      '@protobufjs/inquire': 1.1.2
      '@protobufjs/path': 1.1.2
      '@protobufjs/pool': 1.1.0
      '@protobufjs/utf8': 1.1.2
      '@types/long': 4.0.2
      '@types/node': 26.4.1
      long: 5.3.2

  quickselect@2.0.0: {}

  range-parser@1.2.1: {}

  rbush@3.0.1:
    dependencies:
      quickselect: 2.0.0

  readdirp@5.1.1: {}

  rollup-plugin-external-globals@0.6.1(rollup@4.63.4):
    dependencies:
      '@rollup/pluginutils': 4.0.0(rollup@4.63.4)
      estree-walker: 2.0.2
      is-reference: 1.2.1
      magic-string: 0.25.7
      rollup: 4.63.4

  rollup@4.63.4:
    dependencies:
      '@types/estree': 1.0.9
    optionalDependencies:
      '@napi-rs/lzma-linux-x64-gnu': 1.5.1
      '@rollup/rollup-android-arm-eabi': 4.63.4
      '@rollup/rollup-android-arm64': 4.63.4
      '@rollup/rollup-darwin-arm64': 4.63.4
      '@rollup/rollup-darwin-x64': 4.63.4
      '@rollup/rollup-freebsd-arm64': 4.63.4
      '@rollup/rollup-freebsd-x64': 4.63.4
      '@rollup/rollup-linux-arm-gnueabihf': 4.63.4
      '@rollup/rollup-linux-arm-musleabihf': 4.63.4
      '@rollup/rollup-linux-arm64-gnu': 4.63.4
      '@rollup/rollup-linux-arm64-musl': 4.63.4
      '@rollup/rollup-linux-loong64-gnu': 4.63.4
      '@rollup/rollup-linux-loong64-musl': 4.63.4
      '@rollup/rollup-linux-ppc64-gnu': 4.63.4
      '@rollup/rollup-linux-ppc64-musl': 4.63.4
      '@rollup/rollup-linux-riscv64-gnu': 4.63.4
      '@rollup/rollup-linux-riscv64-musl': 4.63.4
      '@rollup/rollup-linux-s390x-gnu': 4.63.4
      '@rollup/rollup-linux-x64-gnu': 4.63.4
      '@rollup/rollup-linux-x64-musl': 4.63.4
      '@rollup/rollup-openbsd-x64': 4.63.4
      '@rollup/rollup-openharmony-arm64': 4.63.4
      '@rollup/rollup-win32-arm64-msvc': 4.63.4
      '@rollup/rollup-win32-ia32-msvc': 4.63.4
      '@rollup/rollup-win32-x64-gnu': 4.63.4
      '@rollup/rollup-win32-x64-msvc': 4.63.4
      fsevents: 2.3.3

  sass@1.105.0:
    dependencies:
      chokidar: 5.0.0
      immutable: 5.1.9
      source-map-js: 1.2.1
    optionalDependencies:
      '@parcel/watcher': 2.6.0

  send@0.19.2:
    dependencies:
      debug: 2.6.9
      depd: 2.0.0
      destroy: 1.2.0
      encodeurl: 2.0.0
      escape-html: 1.0.3
      etag: 1.8.1
      fresh: 0.5.2
      http-errors: 2.0.1
      mime: 1.6.0
      ms: 2.1.3
      on-finished: 2.4.1
      range-parser: 1.2.1
      statuses: 2.0.2
    transitivePeerDependencies:
      - supports-color

  serve-static@1.16.3:
    dependencies:
      encodeurl: 2.0.0
      escape-html: 1.0.3
      parseurl: 1.3.3
      send: 0.19.2
    transitivePeerDependencies:
      - supports-color

  setprototypeof@1.2.0: {}

  source-map-js@1.2.1: {}

  sourcemap-codec@1.4.8: {}

  statuses@2.0.2: {}

  toidentifier@1.0.1: {}

  topojson-client@3.1.0:
    dependencies:
      commander: 2.0.0

  tslib@2.3.0: {}

  tslib@2.8.1: {}

  undici-types@8.3.0: {}

  universalify@2.0.1: {}

  urijs@1.19.11: {}

  vite-plugin-cesium@1.2.23(cesium@1.97.0)(rollup@4.63.4)(vite@5.2.11(@types/node@26.4.1)(sass@1.105.0)):
    dependencies:
      cesium: 1.97.0
      fs-extra: 9.1.0
      rollup-plugin-external-globals: 0.6.1(rollup@4.63.4)
      serve-static: 1.16.3
      vite: 5.2.11(@types/node@26.4.1)(sass@1.105.0)
    transitivePeerDependencies:
      - rollup
      - supports-color

  vite@5.2.11(@types/node@26.4.1)(sass@1.105.0):
    dependencies:
      esbuild: 0.20.1
      postcss: 8.5.28
      rollup: 4.63.4
    optionalDependencies:
      '@types/node': 26.4.1
      fsevents: 2.3.3
      sass: 1.105.0

  vue-demi@0.14.10(vue@3.5.43):
    dependencies:
      vue: 3.5.43

  vue@3.5.43:
    dependencies:
      '@vue/compiler-dom': 3.5.43
      '@vue/compiler-sfc': 3.5.43
      '@vue/runtime-dom': 3.5.43
      '@vue/server-renderer': 3.5.43
      '@vue/shared': 3.5.43

  zrender@5.5.0:
    dependencies:
      tslib: 2.3.0
